
Microsoft Visual Studio Solution File, Format Version 12.00
# Visual Studio Version 17
VisualStudioVersion = 17.12.35521.163 d17.12
MinimumVisualStudioVersion = 10.0.40219.1
Project("{FAE04EC0-301F-11D3-BF4B-00C04F79EFBC}") = "ARControl", "ARControl\ARControl.csproj", "{B33BF820-56C2-45A1-AEEC-3DCF526DBF42}"
EndProject
Project("{FAE04EC0-301F-11D3-BF4B-00C04F79EFBC}") = "LLib", "LLib\LLib.csproj", "{C00249D7-E550-4A3F-937B-D938D1D46B8A}"
EndProject
Project("{FAE04EC0-301F-11D3-BF4B-00C04F79EFBC}") = "AutoRetainerAPI", "AutoRetainerAPI\AutoRetainerAPI\AutoRetainerAPI.csproj", "{325D077C-A47F-41D7-AA63-0FD3B4037C0B}"
EndProject
Project("{FAE04EC0-301F-11D3-BF4B-00C04F79EFBC}") = "ECommons", "ECommons\ECommons\ECommons.csproj", "{A3EDB8A3-1BB0-4E1A-A957-6F60D4C85290}"
EndProject
Global
	GlobalSection(SolutionConfigurationPlatforms) = preSolution
		Debug|x64 = Debug|x64
		Release|x64 = Release|x64
	EndGlobalSection
	GlobalSection(ProjectConfigurationPlatforms) = postSolution
		{B33BF820-56C2-45A1-AEEC-3DCF526DBF42}.Debug|x64.ActiveCfg = Debug|x64
		{B33BF820-56C2-45A1-AEEC-3DCF526DBF42}.Debug|x64.Build.0 = Debug|x64
		{B33BF820-56C2-45A1-AEEC-3DCF526DBF42}.Release|x64.ActiveCfg = Release|x64
		{B33BF820-56C2-45A1-AEEC-3DCF526DBF42}.Release|x64.Build.0 = Release|x64
		{C00249D7-E550-4A3F-937B-D938D1D46B8A}.Debug|x64.ActiveCfg = Debug|x64
		{C00249D7-E550-4A3F-937B-D938D1D46B8A}.Debug|x64.Build.0 = Debug|x64
		{C00249D7-E550-4A3F-937B-D938D1D46B8A}.Release|x64.ActiveCfg = Release|x64
		{C00249D7-E550-4A3F-937B-D938D1D46B8A}.Release|x64.Build.0 = Release|x64
		{325D077C-A47F-41D7-AA63-0FD3B4037C0B}.Debug|x64.ActiveCfg = Debug|x64
		{325D077C-A47F-41D7-AA63-0FD3B4037C0B}.Debug|x64.Build.0 = Debug|x64
		{325D077C-A47F-41D7-AA63-0FD3B4037C0B}.Release|x64.ActiveCfg = Release|x64
		{325D077C-A47F-41D7-AA63-0FD3B4037C0B}.Release|x64.Build.0 = Release|x64
		{A3EDB8A3-1BB0-4E1A-A957-6F60D4C85290}.Debug|x64.ActiveCfg = Debug|x64
		{A3EDB8A3-1BB0-4E1A-A957-6F60D4C85290}.Debug|x64.Build.0 = Debug|x64
		{A3EDB8A3-1BB0-4E1A-A957-6F60D4C85290}.Release|x64.ActiveCfg = Release|x64
		{A3EDB8A3-1BB0-4E1A-A957-6F60D4C85290}.Release|x64.Build.0 = Release|x64
	EndGlobalSection
	GlobalSection(SolutionProperties) = preSolution
		HideSolutionNode = FALSE
	EndGlobalSection
EndGlobal
