
Microsoft Visual Studio Solution File, Format Version 12.00
Project("{FAE04EC0-301F-11D3-BF4B-00C04F79EFBC}") = "ARControl", "ARControl\ARControl.csproj", "{B33BF820-56C2-45A1-AEEC-3DCF526DBF42}"
EndProject
Project("{FAE04EC0-301F-11D3-BF4B-00C04F79EFBC}") = "LLib", "LLib\LLib.csproj", "{C00249D7-E550-4A3F-937B-D938D1D46B8A}"
EndProject
Global
	GlobalSection(SolutionConfigurationPlatforms) = preSolution
		Debug|Any CPU = Debug|Any CPU
		Release|Any CPU = Release|Any CPU
	EndGlobalSection
	GlobalSection(ProjectConfigurationPlatforms) = postSolution
		{B33BF820-56C2-45A1-AEEC-3DCF526DBF42}.Debug|Any CPU.ActiveCfg = Debug|Any CPU
		{B33BF820-56C2-45A1-AEEC-3DCF526DBF42}.Debug|Any CPU.Build.0 = Debug|Any CPU
		{B33BF820-56C2-45A1-AEEC-3DCF526DBF42}.Release|Any CPU.ActiveCfg = Release|Any CPU
		{B33BF820-56C2-45A1-AEEC-3DCF526DBF42}.Release|Any CPU.Build.0 = Release|Any CPU
		{C00249D7-E550-4A3F-937B-D938D1D46B8A}.Debug|Any CPU.ActiveCfg = Debug|Any CPU
		{C00249D7-E550-4A3F-937B-D938D1D46B8A}.Debug|Any CPU.Build.0 = Debug|Any CPU
		{C00249D7-E550-4A3F-937B-D938D1D46B8A}.Release|Any CPU.ActiveCfg = Release|Any CPU
		{C00249D7-E550-4A3F-937B-D938D1D46B8A}.Release|Any CPU.Build.0 = Release|Any CPU
	EndGlobalSection
EndGlobal
